
Microsoft Visual Studio Solution File, Format Version 12.00
# Visual Studio Version 16
VisualStudioVersion = 16.0.31019.35
MinimumVisualStudioVersion = 10.0.40219.1
Project("{888888A0-9F3D-457C-B088-3A5042F75D52}") = "DjangoWebProject2", "DjangoWebProject2\DjangoWebProject2.pyproj", "{330DAEE2-A34E-41B5-AAFD-01134EB030BF}"
EndProject
Global
	GlobalSection(SolutionConfigurationPlatforms) = preSolution
		Debug|Any CPU = Debug|Any CPU
		Release|Any CPU = Release|Any CPU
	EndGlobalSection
	GlobalSection(ProjectConfigurationPlatforms) = postSolution
		{330DAEE2-A34E-41B5-AAFD-01134EB030BF}.Debug|Any CPU.ActiveCfg = Debug|Any CPU
		{330DAEE2-A34E-41B5-AAFD-01134EB030BF}.Debug|Any CPU.Build.0 = Debug|Any CPU
		{330DAEE2-A34E-41B5-AAFD-01134EB030BF}.Release|Any CPU.ActiveCfg = Release|Any CPU
		{330DAEE2-A34E-41B5-AAFD-01134EB030BF}.Release|Any CPU.Build.0 = Release|Any CPU
	EndGlobalSection
	GlobalSection(SolutionProperties) = preSolution
		HideSolutionNode = FALSE
	EndGlobalSection
	GlobalSection(ExtensibilityGlobals) = postSolution
		SolutionGuid = {E2B7902C-70BA-47B1-9686-A785A4EF59D0}
	EndGlobalSection
EndGlobal
